
Microsoft Visual Studio Solution File, Format Version 12.00
# Visual Studio 15
VisualStudioVersion = 15.0.28010.2036
MinimumVisualStudioVersion = 10.0.40219.1
Project("{FAE04EC0-301F-11D3-BF4B-00C04F79EFBC}") = "Zad.1", "Zad.1\Zad.1.csproj", "{B424DF80-6DED-4D4C-8064-FF94921A58B8}"
EndProject
Project("{FAE04EC0-301F-11D3-BF4B-00C04F79EFBC}") = "Zad.2", "Zad.2\Zad.2.csproj", "{98C51935-7A9C-4F60-A129-026168AB2DD5}"
EndProject
Project("{FAE04EC0-301F-11D3-BF4B-00C04F79EFBC}") = "Zad.3", "Zad.3\Zad.3.csproj", "{036EC973-1FC0-4683-86D7-76E01C571A6E}"
EndProject
Project("{FAE04EC0-301F-11D3-BF4B-00C04F79EFBC}") = "Zad.4", "Zad.4\Zad.4.csproj", "{A2E095D6-88B6-4D30-997F-4CE8FA0DB8EA}"
EndProject
Project("{FAE04EC0-301F-11D3-BF4B-00C04F79EFBC}") = "Zad.5", "Zad.5\Zad.5.csproj", "{0DC2DF82-8DF3-4772-B169-EA33C93FC74F}"
EndProject
Project("{FAE04EC0-301F-11D3-BF4B-00C04F79EFBC}") = "Zad.6", "Zad.6\Zad.6.csproj", "{010A2591-BBBC-4209-B87E-EA90C8AFBF26}"
EndProject
Project("{FAE04EC0-301F-11D3-BF4B-00C04F79EFBC}") = "Zad.7", "Zad.7\Zad.7.csproj", "{7D4200E7-F713-4A7D-AA96-FE1B445CF0A3}"
EndProject
Project("{FAE04EC0-301F-11D3-BF4B-00C04F79EFBC}") = "Zad.8", "Zad.8\Zad.8.csproj", "{EA05340F-4262-41F4-9881-9821EB690921}"
EndProject
Project("{FAE04EC0-301F-11D3-BF4B-00C04F79EFBC}") = "Zad.9", "Zad.9\Zad.9.csproj", "{3A3D5B35-1727-4DEC-80A3-B88EE580E697}"
EndProject
Project("{FAE04EC0-301F-11D3-BF4B-00C04F79EFBC}") = "Zad.10", "Zad.10\Zad.10.csproj", "{CB7A42B4-C886-4194-A0B0-35E6CAF28D15}"
EndProject
Project("{FAE04EC0-301F-11D3-BF4B-00C04F79EFBC}") = "Zad.11", "Zad.11\Zad.11.csproj", "{D5A35747-CD82-4E60-A8E1-F7BE5A89963D}"
EndProject
Project("{FAE04EC0-301F-11D3-BF4B-00C04F79EFBC}") = "Zad.12", "Zad.12\Zad.12.csproj", "{512CE386-0360-4CD2-9207-B1B4A06F6911}"
EndProject
Project("{FAE04EC0-301F-11D3-BF4B-00C04F79EFBC}") = "Zad.13", "Zad.13\Zad.13.csproj", "{CB0395FD-CAD8-47E0-8AB1-82DFAF34562E}"
EndProject
Project("{FAE04EC0-301F-11D3-BF4B-00C04F79EFBC}") = "Zad.14", "Zad.14\Zad.14.csproj", "{9B073120-6DDD-4591-9775-82649D775AE2}"
EndProject
Project("{FAE04EC0-301F-11D3-BF4B-00C04F79EFBC}") = "Zad.15", "Zad.15\Zad.15.csproj", "{A7434883-004C-4439-A54C-385FAB56B632}"
EndProject
Project("{FAE04EC0-301F-11D3-BF4B-00C04F79EFBC}") = "Zad.16", "Zad.16\Zad.16.csproj", "{EEEC4234-A616-4FD8-9845-334FF69A1669}"
EndProject
Project("{FAE04EC0-301F-11D3-BF4B-00C04F79EFBC}") = "Zad.17", "Zad.17\Zad.17.csproj", "{27FCDABE-2C1D-4E99-BF50-24C06C29FB09}"
EndProject
Project("{FAE04EC0-301F-11D3-BF4B-00C04F79EFBC}") = "Zad.18", "Zad.18\Zad.18.csproj", "{51058528-08B6-4D2E-A2CF-B84754149864}"
EndProject
Global
	GlobalSection(SolutionConfigurationPlatforms) = preSolution
		Debug|Any CPU = Debug|Any CPU
		Release|Any CPU = Release|Any CPU
	EndGlobalSection
	GlobalSection(ProjectConfigurationPlatforms) = postSolution
		{B424DF80-6DED-4D4C-8064-FF94921A58B8}.Debug|Any CPU.ActiveCfg = Debug|Any CPU
		{B424DF80-6DED-4D4C-8064-FF94921A58B8}.Debug|Any CPU.Build.0 = Debug|Any CPU
		{B424DF80-6DED-4D4C-8064-FF94921A58B8}.Release|Any CPU.ActiveCfg = Release|Any CPU
		{B424DF80-6DED-4D4C-8064-FF94921A58B8}.Release|Any CPU.Build.0 = Release|Any CPU
		{98C51935-7A9C-4F60-A129-026168AB2DD5}.Debug|Any CPU.ActiveCfg = Debug|Any CPU
		{98C51935-7A9C-4F60-A129-026168AB2DD5}.Debug|Any CPU.Build.0 = Debug|Any CPU
		{98C51935-7A9C-4F60-A129-026168AB2DD5}.Release|Any CPU.ActiveCfg = Release|Any CPU
		{98C51935-7A9C-4F60-A129-026168AB2DD5}.Release|Any CPU.Build.0 = Release|Any CPU
		{036EC973-1FC0-4683-86D7-76E01C571A6E}.Debug|Any CPU.ActiveCfg = Debug|Any CPU
		{036EC973-1FC0-4683-86D7-76E01C571A6E}.Debug|Any CPU.Build.0 = Debug|Any CPU
		{036EC973-1FC0-4683-86D7-76E01C571A6E}.Release|Any CPU.ActiveCfg = Release|Any CPU
		{036EC973-1FC0-4683-86D7-76E01C571A6E}.Release|Any CPU.Build.0 = Release|Any CPU
		{A2E095D6-88B6-4D30-997F-4CE8FA0DB8EA}.Debug|Any CPU.ActiveCfg = Debug|Any CPU
		{A2E095D6-88B6-4D30-997F-4CE8FA0DB8EA}.Debug|Any CPU.Build.0 = Debug|Any CPU
		{A2E095D6-88B6-4D30-997F-4CE8FA0DB8EA}.Release|Any CPU.ActiveCfg = Release|Any CPU
		{A2E095D6-88B6-4D30-997F-4CE8FA0DB8EA}.Release|Any CPU.Build.0 = Release|Any CPU
		{0DC2DF82-8DF3-4772-B169-EA33C93FC74F}.Debug|Any CPU.ActiveCfg = Debug|Any CPU
		{0DC2DF82-8DF3-4772-B169-EA33C93FC74F}.Debug|Any CPU.Build.0 = Debug|Any CPU
		{0DC2DF82-8DF3-4772-B169-EA33C93FC74F}.Release|Any CPU.ActiveCfg = Release|Any CPU
		{0DC2DF82-8DF3-4772-B169-EA33C93FC74F}.Release|Any CPU.Build.0 = Release|Any CPU
		{010A2591-BBBC-4209-B87E-EA90C8AFBF26}.Debug|Any CPU.ActiveCfg = Debug|Any CPU
		{010A2591-BBBC-4209-B87E-EA90C8AFBF26}.Debug|Any CPU.Build.0 = Debug|Any CPU
		{010A2591-BBBC-4209-B87E-EA90C8AFBF26}.Release|Any CPU.ActiveCfg = Release|Any CPU
		{010A2591-BBBC-4209-B87E-EA90C8AFBF26}.Release|Any CPU.Build.0 = Release|Any CPU
		{7D4200E7-F713-4A7D-AA96-FE1B445CF0A3}.Debug|Any CPU.ActiveCfg = Debug|Any CPU
		{7D4200E7-F713-4A7D-AA96-FE1B445CF0A3}.Debug|Any CPU.Build.0 = Debug|Any CPU
		{7D4200E7-F713-4A7D-AA96-FE1B445CF0A3}.Release|Any CPU.ActiveCfg = Release|Any CPU
		{7D4200E7-F713-4A7D-AA96-FE1B445CF0A3}.Release|Any CPU.Build.0 = Release|Any CPU
		{EA05340F-4262-41F4-9881-9821EB690921}.Debug|Any CPU.ActiveCfg = Debug|Any CPU
		{EA05340F-4262-41F4-9881-9821EB690921}.Debug|Any CPU.Build.0 = Debug|Any CPU
		{EA05340F-4262-41F4-9881-9821EB690921}.Release|Any CPU.ActiveCfg = Release|Any CPU
		{EA05340F-4262-41F4-9881-9821EB690921}.Release|Any CPU.Build.0 = Release|Any CPU
		{3A3D5B35-1727-4DEC-80A3-B88EE580E697}.Debug|Any CPU.ActiveCfg = Debug|Any CPU
		{3A3D5B35-1727-4DEC-80A3-B88EE580E697}.Debug|Any CPU.Build.0 = Debug|Any CPU
		{3A3D5B35-1727-4DEC-80A3-B88EE580E697}.Release|Any CPU.ActiveCfg = Release|Any CPU
		{3A3D5B35-1727-4DEC-80A3-B88EE580E697}.Release|Any CPU.Build.0 = Release|Any CPU
		{CB7A42B4-C886-4194-A0B0-35E6CAF28D15}.Debug|Any CPU.ActiveCfg = Debug|Any CPU
		{CB7A42B4-C886-4194-A0B0-35E6CAF28D15}.Debug|Any CPU.Build.0 = Debug|Any CPU
		{CB7A42B4-C886-4194-A0B0-35E6CAF28D15}.Release|Any CPU.ActiveCfg = Release|Any CPU
		{CB7A42B4-C886-4194-A0B0-35E6CAF28D15}.Release|Any CPU.Build.0 = Release|Any CPU
		{D5A35747-CD82-4E60-A8E1-F7BE5A89963D}.Debug|Any CPU.ActiveCfg = Debug|Any CPU
		{D5A35747-CD82-4E60-A8E1-F7BE5A89963D}.Debug|Any CPU.Build.0 = Debug|Any CPU
		{D5A35747-CD82-4E60-A8E1-F7BE5A89963D}.Release|Any CPU.ActiveCfg = Release|Any CPU
		{D5A35747-CD82-4E60-A8E1-F7BE5A89963D}.Release|Any CPU.Build.0 = Release|Any CPU
		{512CE386-0360-4CD2-9207-B1B4A06F6911}.Debug|Any CPU.ActiveCfg = Debug|Any CPU
		{512CE386-0360-4CD2-9207-B1B4A06F6911}.Debug|Any CPU.Build.0 = Debug|Any CPU
		{512CE386-0360-4CD2-9207-B1B4A06F6911}.Release|Any CPU.ActiveCfg = Release|Any CPU
		{512CE386-0360-4CD2-9207-B1B4A06F6911}.Release|Any CPU.Build.0 = Release|Any CPU
		{CB0395FD-CAD8-47E0-8AB1-82DFAF34562E}.Debug|Any CPU.ActiveCfg = Debug|Any CPU
		{CB0395FD-CAD8-47E0-8AB1-82DFAF34562E}.Debug|Any CPU.Build.0 = Debug|Any CPU
		{CB0395FD-CAD8-47E0-8AB1-82DFAF34562E}.Release|Any CPU.ActiveCfg = Release|Any CPU
		{CB0395FD-CAD8-47E0-8AB1-82DFAF34562E}.Release|Any CPU.Build.0 = Release|Any CPU
		{9B073120-6DDD-4591-9775-82649D775AE2}.Debug|Any CPU.ActiveCfg = Debug|Any CPU
		{9B073120-6DDD-4591-9775-82649D775AE2}.Debug|Any CPU.Build.0 = Debug|Any CPU
		{9B073120-6DDD-4591-9775-82649D775AE2}.Release|Any CPU.ActiveCfg = Release|Any CPU
		{9B073120-6DDD-4591-9775-82649D775AE2}.Release|Any CPU.Build.0 = Release|Any CPU
		{A7434883-004C-4439-A54C-385FAB56B632}.Debug|Any CPU.ActiveCfg = Debug|Any CPU
		{A7434883-004C-4439-A54C-385FAB56B632}.Debug|Any CPU.Build.0 = Debug|Any CPU
		{A7434883-004C-4439-A54C-385FAB56B632}.Release|Any CPU.ActiveCfg = Release|Any CPU
		{A7434883-004C-4439-A54C-385FAB56B632}.Release|Any CPU.Build.0 = Release|Any CPU
		{EEEC4234-A616-4FD8-9845-334FF69A1669}.Debug|Any CPU.ActiveCfg = Debug|Any CPU
		{EEEC4234-A616-4FD8-9845-334FF69A1669}.Debug|Any CPU.Build.0 = Debug|Any CPU
		{EEEC4234-A616-4FD8-9845-334FF69A1669}.Release|Any CPU.ActiveCfg = Release|Any CPU
		{EEEC4234-A616-4FD8-9845-334FF69A1669}.Release|Any CPU.Build.0 = Release|Any CPU
		{27FCDABE-2C1D-4E99-BF50-24C06C29FB09}.Debug|Any CPU.ActiveCfg = Debug|Any CPU
		{27FCDABE-2C1D-4E99-BF50-24C06C29FB09}.Debug|Any CPU.Build.0 = Debug|Any CPU
		{27FCDABE-2C1D-4E99-BF50-24C06C29FB09}.Release|Any CPU.ActiveCfg = Release|Any CPU
		{27FCDABE-2C1D-4E99-BF50-24C06C29FB09}.Release|Any CPU.Build.0 = Release|Any CPU
		{51058528-08B6-4D2E-A2CF-B84754149864}.Debug|Any CPU.ActiveCfg = Debug|Any CPU
		{51058528-08B6-4D2E-A2CF-B84754149864}.Debug|Any CPU.Build.0 = Debug|Any CPU
		{51058528-08B6-4D2E-A2CF-B84754149864}.Release|Any CPU.ActiveCfg = Release|Any CPU
		{51058528-08B6-4D2E-A2CF-B84754149864}.Release|Any CPU.Build.0 = Release|Any CPU
	EndGlobalSection
	GlobalSection(SolutionProperties) = preSolution
		HideSolutionNode = FALSE
	EndGlobalSection
	GlobalSection(ExtensibilityGlobals) = postSolution
		SolutionGuid = {64C25D5F-EAE8-4AAC-9725-8153A54981A2}
	EndGlobalSection
EndGlobal
